// !$*UTF8*$!
{
	archiveVersion = 1;
	classes = {
	};
	objectVersion = 46;
	objects = {

/* Begin PBXBuildFile section */
		994C1F6A09744F049AE97316 /* libPods-DBMeizi.a in Frameworks */ = {isa = PBXBuildFile; fileRef = F9FFFE03BF664457838679EA /* libPods-DBMeizi.a */; };
		B94650E519925E840003CAD5 /* Foundation.framework in Frameworks */ = {isa = PBXBuildFile; fileRef = B94650E419925E840003CAD5 /* Foundation.framework */; };
		B94650E719925E840003CAD5 /* CoreGraphics.framework in Frameworks */ = {isa = PBXBuildFile; fileRef = B94650E619925E840003CAD5 /* CoreGraphics.framework */; };
		B94650E919925E840003CAD5 /* UIKit.framework in Frameworks */ = {isa = PBXBuildFile; fileRef = B94650E819925E840003CAD5 /* UIKit.framework */; };
		B94650EB19925E840003CAD5 /* CoreData.framework in Frameworks */ = {isa = PBXBuildFile; fileRef = B94650EA19925E840003CAD5 /* CoreData.framework */; };
		B94650F119925E840003CAD5 /* InfoPlist.strings in Resources */ = {isa = PBXBuildFile; fileRef = B94650EF19925E840003CAD5 /* InfoPlist.strings */; };
		B94650F319925E840003CAD5 /* main.m in Sources */ = {isa = PBXBuildFile; fileRef = B94650F219925E840003CAD5 /* main.m */; };
		B94650F719925E840003CAD5 /* MZAppDelegate.m in Sources */ = {isa = PBXBuildFile; fileRef = B94650F619925E840003CAD5 /* MZAppDelegate.m */; };
		B94650FA19925E840003CAD5 /* DBMeizi.xcdatamodeld in Sources */ = {isa = PBXBuildFile; fileRef = B94650F819925E840003CAD5 /* DBMeizi.xcdatamodeld */; };
		B94650FC19925E840003CAD5 /* Images.xcassets in Resources */ = {isa = PBXBuildFile; fileRef = B94650FB19925E840003CAD5 /* Images.xcassets */; };
		B946510319925E840003CAD5 /* XCTest.framework in Frameworks */ = {isa = PBXBuildFile; fileRef = B946510219925E840003CAD5 /* XCTest.framework */; };
		B946510419925E840003CAD5 /* Foundation.framework in Frameworks */ = {isa = PBXBuildFile; fileRef = B94650E419925E840003CAD5 /* Foundation.framework */; };
		B946510519925E840003CAD5 /* UIKit.framework in Frameworks */ = {isa = PBXBuildFile; fileRef = B94650E819925E840003CAD5 /* UIKit.framework */; };
		B946510619925E840003CAD5 /* CoreData.framework in Frameworks */ = {isa = PBXBuildFile; fileRef = B94650EA19925E840003CAD5 /* CoreData.framework */; };
		B946510E19925E840003CAD5 /* InfoPlist.strings in Resources */ = {isa = PBXBuildFile; fileRef = B946510C19925E840003CAD5 /* InfoPlist.strings */; };
		B946511019925E840003CAD5 /* DBMeiziTests.m in Sources */ = {isa = PBXBuildFile; fileRef = B946510F19925E840003CAD5 /* DBMeiziTests.m */; };
		B946511A199263960003CAD5 /* libxml2.dylib in Frameworks */ = {isa = PBXBuildFile; fileRef = B9465119199263960003CAD5 /* libxml2.dylib */; };
		B946511D199264300003CAD5 /* MZHomeViewController.m in Sources */ = {isa = PBXBuildFile; fileRef = B946511C199264300003CAD5 /* MZHomeViewController.m */; };
		B9465120199265220003CAD5 /* MZHomeFlowLayout.m in Sources */ = {isa = PBXBuildFile; fileRef = B946511F199265220003CAD5 /* MZHomeFlowLayout.m */; };
		B94651231992663C0003CAD5 /* MZHomeCell.m in Sources */ = {isa = PBXBuildFile; fileRef = B94651221992663C0003CAD5 /* MZHomeCell.m */; };
		B9465126199266870003CAD5 /* MZPhotoModel.m in Sources */ = {isa = PBXBuildFile; fileRef = B9465125199266870003CAD5 /* MZPhotoModel.m */; };
		B94651291993BED20003CAD5 /* MZPhotoImporter.m in Sources */ = {isa = PBXBuildFile; fileRef = B94651281993BED20003CAD5 /* MZPhotoImporter.m */; };
		B9D0EAF319A31AB7004A7CD3 /* TFHpple.m in Sources */ = {isa = PBXBuildFile; fileRef = B9D0EAEE19A31AB7004A7CD3 /* TFHpple.m */; };
		B9D0EAF419A31AB7004A7CD3 /* TFHppleElement.m in Sources */ = {isa = PBXBuildFile; fileRef = B9D0EAF019A31AB7004A7CD3 /* TFHppleElement.m */; };
		B9D0EAF519A31AB7004A7CD3 /* XPathQuery.m in Sources */ = {isa = PBXBuildFile; fileRef = B9D0EAF219A31AB7004A7CD3 /* XPathQuery.m */; };
		B9DC025D19B2C2C20045F171 /* MZSideMenuView.m in Sources */ = {isa = PBXBuildFile; fileRef = B9DC025C19B2C2C20045F171 /* MZSideMenuView.m */; };
/* End PBXBuildFile section */

/* Begin PBXContainerItemProxy section */
		B946510719925E840003CAD5 /* PBXContainerItemProxy */ = {
			isa = PBXContainerItemProxy;
			containerPortal = B94650D919925E840003CAD5 /* Project object */;
			proxyType = 1;
			remoteGlobalIDString = B94650E019925E840003CAD5;
			remoteInfo = DBMeizi;
		};
/* End PBXContainerItemProxy section */

/* Begin PBXFileReference section */
		09A6D6A6E3B64B1DB07D7351 /* Pods-DBMeizi.xcconfig */ = {isa = PBXFileReference; includeInIndex = 1; lastKnownFileType = text.xcconfig; name = "Pods-DBMeizi.xcconfig"; path = "Pods/Pods-DBMeizi.xcconfig"; sourceTree = "<group>"; };
		B94650E119925E840003CAD5 /* DBMeizi.app */ = {isa = PBXFileReference; explicitFileType = wrapper.application; includeInIndex = 0; path = DBMeizi.app; sourceTree = BUILT_PRODUCTS_DIR; };
		B94650E419925E840003CAD5 /* Foundation.framework */ = {isa = PBXFileReference; lastKnownFileType = wrapper.framework; name = Foundation.framework; path = System/Library/Frameworks/Foundation.framework; sourceTree = SDKROOT; };
		B94650E619925E840003CAD5 /* CoreGraphics.framework */ = {isa = PBXFileReference; lastKnownFileType = wrapper.framework; name = CoreGraphics.framework; path = System/Library/Frameworks/CoreGraphics.framework; sourceTree = SDKROOT; };
		B94650E819925E840003CAD5 /* UIKit.framework */ = {isa = PBXFileReference; lastKnownFileType = wrapper.framework; name = UIKit.framework; path = System/Library/Frameworks/UIKit.framework; sourceTree = SDKROOT; };
		B94650EA19925E840003CAD5 /* CoreData.framework */ = {isa = PBXFileReference; lastKnownFileType = wrapper.framework; name = CoreData.framework; path = System/Library/Frameworks/CoreData.framework; sourceTree = SDKROOT; };
		B94650EE19925E840003CAD5 /* DBMeizi-Info.plist */ = {isa = PBXFileReference; lastKnownFileType = text.plist.xml; path = "DBMeizi-Info.plist"; sourceTree = "<group>"; };
		B94650F019925E840003CAD5 /* en */ = {isa = PBXFileReference; lastKnownFileType = text.plist.strings; name = en; path = en.lproj/InfoPlist.strings; sourceTree = "<group>"; };
		B94650F219925E840003CAD5 /* main.m */ = {isa = PBXFileReference; lastKnownFileType = sourcecode.c.objc; path = main.m; sourceTree = "<group>"; };
		B94650F419925E840003CAD5 /* DBMeizi-Prefix.pch */ = {isa = PBXFileReference; lastKnownFileType = sourcecode.c.h; path = "DBMeizi-Prefix.pch"; sourceTree = "<group>"; };
		B94650F519925E840003CAD5 /* MZAppDelegate.h */ = {isa = PBXFileReference; lastKnownFileType = sourcecode.c.h; path = MZAppDelegate.h; sourceTree = "<group>"; };
		B94650F619925E840003CAD5 /* MZAppDelegate.m */ = {isa = PBXFileReference; lastKnownFileType = sourcecode.c.objc; path = MZAppDelegate.m; sourceTree = "<group>"; };
		B94650F919925E840003CAD5 /* DBMeizi.xcdatamodel */ = {isa = PBXFileReference; lastKnownFileType = wrapper.xcdatamodel; path = DBMeizi.xcdatamodel; sourceTree = "<group>"; };
		B94650FB19925E840003CAD5 /* Images.xcassets */ = {isa = PBXFileReference; lastKnownFileType = folder.assetcatalog; path = Images.xcassets; sourceTree = "<group>"; };
		B946510119925E840003CAD5 /* DBMeiziTests.xctest */ = {isa = PBXFileReference; explicitFileType = wrapper.cfbundle; includeInIndex = 0; path = DBMeiziTests.xctest; sourceTree = BUILT_PRODUCTS_DIR; };
		B946510219925E840003CAD5 /* XCTest.framework */ = {isa = PBXFileReference; lastKnownFileType = wrapper.framework; name = XCTest.framework; path = Library/Frameworks/XCTest.framework; sourceTree = DEVELOPER_DIR; };
		B946510B19925E840003CAD5 /* DBMeiziTests-Info.plist */ = {isa = PBXFileReference; lastKnownFileType = text.plist.xml; path = "DBMeiziTests-Info.plist"; sourceTree = "<group>"; };
		B946510D19925E840003CAD5 /* en */ = {isa = PBXFileReference; lastKnownFileType = text.plist.strings; name = en; path = en.lproj/InfoPlist.strings; sourceTree = "<group>"; };
		B946510F19925E840003CAD5 /* DBMeiziTests.m */ = {isa = PBXFileReference; lastKnownFileType = sourcecode.c.objc; path = DBMeiziTests.m; sourceTree = "<group>"; };
		B9465119199263960003CAD5 /* libxml2.dylib */ = {isa = PBXFileReference; lastKnownFileType = "compiled.mach-o.dylib"; name = libxml2.dylib; path = usr/lib/libxml2.dylib; sourceTree = SDKROOT; };
		B946511B199264300003CAD5 /* MZHomeViewController.h */ = {isa = PBXFileReference; fileEncoding = 4; lastKnownFileType = sourcecode.c.h; path = MZHomeViewController.h; sourceTree = "<group>"; };
		B946511C199264300003CAD5 /* MZHomeViewController.m */ = {isa = PBXFileReference; fileEncoding = 4; lastKnownFileType = sourcecode.c.objc; path = MZHomeViewController.m; sourceTree = "<group>"; };
		B946511E199265220003CAD5 /* MZHomeFlowLayout.h */ = {isa = PBXFileReference; fileEncoding = 4; lastKnownFileType = sourcecode.c.h; path = MZHomeFlowLayout.h; sourceTree = "<group>"; };
		B946511F199265220003CAD5 /* MZHomeFlowLayout.m */ = {isa = PBXFileReference; fileEncoding = 4; lastKnownFileType = sourcecode.c.objc; path = MZHomeFlowLayout.m; sourceTree = "<group>"; };
		B94651211992663C0003CAD5 /* MZHomeCell.h */ = {isa = PBXFileReference; fileEncoding = 4; lastKnownFileType = sourcecode.c.h; path = MZHomeCell.h; sourceTree = "<group>"; };
		B94651221992663C0003CAD5 /* MZHomeCell.m */ = {isa = PBXFileReference; fileEncoding = 4; lastKnownFileType = sourcecode.c.objc; path = MZHomeCell.m; sourceTree = "<group>"; };
		B9465124199266870003CAD5 /* MZPhotoModel.h */ = {isa = PBXFileReference; fileEncoding = 4; lastKnownFileType = sourcecode.c.h; path = MZPhotoModel.h; sourceTree = "<group>"; };
		B9465125199266870003CAD5 /* MZPhotoModel.m */ = {isa = PBXFileReference; fileEncoding = 4; lastKnownFileType = sourcecode.c.objc; path = MZPhotoModel.m; sourceTree = "<group>"; };
		B94651271993BED20003CAD5 /* MZPhotoImporter.h */ = {isa = PBXFileReference; fileEncoding = 4; lastKnownFileType = sourcecode.c.h; path = MZPhotoImporter.h; sourceTree = "<group>"; };
		B94651281993BED20003CAD5 /* MZPhotoImporter.m */ = {isa = PBXFileReference; fileEncoding = 4; lastKnownFileType = sourcecode.c.objc; path = MZPhotoImporter.m; sourceTree = "<group>"; };
		B9D0EAED19A31AB7004A7CD3 /* TFHpple.h */ = {isa = PBXFileReference; fileEncoding = 4; lastKnownFileType = sourcecode.c.h; path = TFHpple.h; sourceTree = "<group>"; };
		B9D0EAEE19A31AB7004A7CD3 /* TFHpple.m */ = {isa = PBXFileReference; fileEncoding = 4; lastKnownFileType = sourcecode.c.objc; path = TFHpple.m; sourceTree = "<group>"; };
		B9D0EAEF19A31AB7004A7CD3 /* TFHppleElement.h */ = {isa = PBXFileReference; fileEncoding = 4; lastKnownFileType = sourcecode.c.h; path = TFHppleElement.h; sourceTree = "<group>"; };
		B9D0EAF019A31AB7004A7CD3 /* TFHppleElement.m */ = {isa = PBXFileReference; fileEncoding = 4; lastKnownFileType = sourcecode.c.objc; path = TFHppleElement.m; sourceTree = "<group>"; };
		B9D0EAF119A31AB7004A7CD3 /* XPathQuery.h */ = {isa = PBXFileReference; fileEncoding = 4; lastKnownFileType = sourcecode.c.h; path = XPathQuery.h; sourceTree = "<group>"; };
		B9D0EAF219A31AB7004A7CD3 /* XPathQuery.m */ = {isa = PBXFileReference; fileEncoding = 4; lastKnownFileType = sourcecode.c.objc; path = XPathQuery.m; sourceTree = "<group>"; };
		B9DC025B19B2C2C20045F171 /* MZSideMenuView.h */ = {isa = PBXFileReference; fileEncoding = 4; lastKnownFileType = sourcecode.c.h; path = MZSideMenuView.h; sourceTree = "<group>"; };
		B9DC025C19B2C2C20045F171 /* MZSideMenuView.m */ = {isa = PBXFileReference; fileEncoding = 4; lastKnownFileType = sourcecode.c.objc; path = MZSideMenuView.m; sourceTree = "<group>"; };
		F9FFFE03BF664457838679EA /* libPods-DBMeizi.a */ = {isa = PBXFileReference; explicitFileType = archive.ar; includeInIndex = 0; path = "libPods-DBMeizi.a"; sourceTree = BUILT_PRODUCTS_DIR; };
/* End PBXFileReference section */

/* Begin PBXFrameworksBuildPhase section */
		B94650DE19925E840003CAD5 /* Frameworks */ = {
			isa = PBXFrameworksBuildPhase;
			buildActionMask = 2147483647;
			files = (
				B946511A199263960003CAD5 /* libxml2.dylib in Frameworks */,
				B94650E719925E840003CAD5 /* CoreGraphics.framework in Frameworks */,
				B94650EB19925E840003CAD5 /* CoreData.framework in Frameworks */,
				B94650E919925E840003CAD5 /* UIKit.framework in Frameworks */,
				B94650E519925E840003CAD5 /* Foundation.framework in Frameworks */,
				994C1F6A09744F049AE97316 /* libPods-DBMeizi.a in Frameworks */,
			);
			runOnlyForDeploymentPostprocessing = 0;
		};
		B94650FE19925E840003CAD5 /* Frameworks */ = {
			isa = PBXFrameworksBuildPhase;
			buildActionMask = 2147483647;
			files = (
				B946510319925E840003CAD5 /* XCTest.framework in Frameworks */,
				B946510619925E840003CAD5 /* CoreData.framework in Frameworks */,
				B946510519925E840003CAD5 /* UIKit.framework in Frameworks */,
				B946510419925E840003CAD5 /* Foundation.framework in Frameworks */,
			);
			runOnlyForDeploymentPostprocessing = 0;
		};
/* End PBXFrameworksBuildPhase section */

/* Begin PBXGroup section */
		B94650D819925E840003CAD5 = {
			isa = PBXGroup;
			children = (
				B94650EC19925E840003CAD5 /* DBMeizi */,
				B946510919925E840003CAD5 /* DBMeiziTests */,
				B94650E319925E840003CAD5 /* Frameworks */,
				B94650E219925E840003CAD5 /* Products */,
				09A6D6A6E3B64B1DB07D7351 /* Pods-DBMeizi.xcconfig */,
			);
			sourceTree = "<group>";
		};
		B94650E219925E840003CAD5 /* Products */ = {
			isa = PBXGroup;
			children = (
				B94650E119925E840003CAD5 /* DBMeizi.app */,
				B946510119925E840003CAD5 /* DBMeiziTests.xctest */,
			);
			name = Products;
			sourceTree = "<group>";
		};
		B94650E319925E840003CAD5 /* Frameworks */ = {
			isa = PBXGroup;
			children = (
				B9465119199263960003CAD5 /* libxml2.dylib */,
				B94650E419925E840003CAD5 /* Foundation.framework */,
				B94650E619925E840003CAD5 /* CoreGraphics.framework */,
				B94650E819925E840003CAD5 /* UIKit.framework */,
				B94650EA19925E840003CAD5 /* CoreData.framework */,
				B946510219925E840003CAD5 /* XCTest.framework */,
				F9FFFE03BF664457838679EA /* libPods-DBMeizi.a */,
			);
			name = Frameworks;
			sourceTree = "<group>";
		};
		B94650EC19925E840003CAD5 /* DBMeizi */ = {
			isa = PBXGroup;
			children = (
				B94650F519925E840003CAD5 /* MZAppDelegate.h */,
				B94650F619925E840003CAD5 /* MZAppDelegate.m */,
				B946511B199264300003CAD5 /* MZHomeViewController.h */,
				B946511C199264300003CAD5 /* MZHomeViewController.m */,
				B946511E199265220003CAD5 /* MZHomeFlowLayout.h */,
				B946511F199265220003CAD5 /* MZHomeFlowLayout.m */,
				B94651211992663C0003CAD5 /* MZHomeCell.h */,
				B94651221992663C0003CAD5 /* MZHomeCell.m */,
				B9465124199266870003CAD5 /* MZPhotoModel.h */,
				B9465125199266870003CAD5 /* MZPhotoModel.m */,
				B94651271993BED20003CAD5 /* MZPhotoImporter.h */,
				B94651281993BED20003CAD5 /* MZPhotoImporter.m */,
				B9DC025B19B2C2C20045F171 /* MZSideMenuView.h */,
				B9DC025C19B2C2C20045F171 /* MZSideMenuView.m */,
				B9D0EAEC19A319B8004A7CD3 /* xml */,
				B94650FB19925E840003CAD5 /* Images.xcassets */,
				B94650F819925E840003CAD5 /* DBMeizi.xcdatamodeld */,
				B94650ED19925E840003CAD5 /* Supporting Files */,
			);
			path = DBMeizi;
			sourceTree = "<group>";
		};
		B94650ED19925E840003CAD5 /* Supporting Files */ = {
			isa = PBXGroup;
			children = (
				B94650EE19925E840003CAD5 /* DBMeizi-Info.plist */,
				B94650EF19925E840003CAD5 /* InfoPlist.strings */,
				B94650F219925E840003CAD5 /* main.m */,
				B94650F419925E840003CAD5 /* DBMeizi-Prefix.pch */,
			);
			name = "Supporting Files";
			sourceTree = "<group>";
		};
		B946510919925E840003CAD5 /* DBMeiziTests */ = {
			isa = PBXGroup;
			children = (
				B946510F19925E840003CAD5 /* DBMeiziTests.m */,
				B946510A19925E840003CAD5 /* Supporting Files */,
			);
			path = DBMeiziTests;
			sourceTree = "<group>";
		};
		B946510A19925E840003CAD5 /* Supporting Files */ = {
			isa = PBXGroup;
			children = (
				B946510B19925E840003CAD5 /* DBMeiziTests-Info.plist */,
				B946510C19925E840003CAD5 /* InfoPlist.strings */,
			);
			name = "Supporting Files";
			sourceTree = "<group>";
		};
		B9D0EAEC19A319B8004A7CD3 /* xml */ = {
			isa = PBXGroup;
			children = (
				B9D0EAED19A31AB7004A7CD3 /* TFHpple.h */,
				B9D0EAEE19A31AB7004A7CD3 /* TFHpple.m */,
				B9D0EAEF19A31AB7004A7CD3 /* TFHppleElement.h */,
				B9D0EAF019A31AB7004A7CD3 /* TFHppleElement.m */,
				B9D0EAF119A31AB7004A7CD3 /* XPathQuery.h */,
				B9D0EAF219A31AB7004A7CD3 /* XPathQuery.m */,
			);
			name = xml;
			sourceTree = "<group>";
		};
/* End PBXGroup section */

/* Begin PBXNativeTarget section */
		B94650E019925E840003CAD5 /* DBMeizi */ = {
			isa = PBXNativeTarget;
			buildConfigurationList = B946511319925E840003CAD5 /* Build configuration list for PBXNativeTarget "DBMeizi" */;
			buildPhases = (
				C559A9087520407F92C63699 /* Check Pods Manifest.lock */,
				B94650DD19925E840003CAD5 /* Sources */,
				B94650DE19925E840003CAD5 /* Frameworks */,
				B94650DF19925E840003CAD5 /* Resources */,
				F440A9A9F73A4D7A8559D406 /* Copy Pods Resources */,
			);
			buildRules = (
			);
			dependencies = (
			);
			name = DBMeizi;
			productName = DBMeizi;
			productReference = B94650E119925E840003CAD5 /* DBMeizi.app */;
			productType = "com.apple.product-type.application";
		};
		B946510019925E840003CAD5 /* DBMeiziTests */ = {
			isa = PBXNativeTarget;
			buildConfigurationList = B946511619925E840003CAD5 /* Build configuration list for PBXNativeTarget "DBMeiziTests" */;
			buildPhases = (
				B94650FD19925E840003CAD5 /* Sources */,
				B94650FE19925E840003CAD5 /* Frameworks */,
				B94650FF19925E840003CAD5 /* Resources */,
			);
			buildRules = (
			);
			dependencies = (
				B946510819925E840003CAD5 /* PBXTargetDependency */,
			);
			name = DBMeiziTests;
			productName = DBMeiziTests;
			productReference = B946510119925E840003CAD5 /* DBMeiziTests.xctest */;
			productType = "com.apple.product-type.bundle.unit-test";
		};
/* End PBXNativeTarget section */

/* Begin PBXProject section */
		B94650D919925E840003CAD5 /* Project object */ = {
			isa = PBXProject;
			attributes = {
				CLASSPREFIX = MZ;
				LastUpgradeCheck = 0510;
				ORGANIZATIONNAME = hxx;
				TargetAttributes = {
					B946510019925E840003CAD5 = {
						TestTargetID = B94650E019925E840003CAD5;
					};
				};
			};
			buildConfigurationList = B94650DC19925E840003CAD5 /* Build configuration list for PBXProject "DBMeizi" */;
			compatibilityVersion = "Xcode 3.2";
			developmentRegion = English;
			hasScannedForEncodings = 0;
			knownRegions = (
				en,
			);
			mainGroup = B94650D819925E840003CAD5;
			productRefGroup = B94650E219925E840003CAD5 /* Products */;
			projectDirPath = "";
			projectRoot = "";
			targets = (
				B94650E019925E840003CAD5 /* DBMeizi */,
				B946510019925E840003CAD5 /* DBMeiziTests */,
			);
		};
/* End PBXProject section */

/* Begin PBXResourcesBuildPhase section */
		B94650DF19925E840003CAD5 /* Resources */ = {
			isa = PBXResourcesBuildPhase;
			buildActionMask = 2147483647;
			files = (
				B94650F119925E840003CAD5 /* InfoPlist.strings in Resources */,
				B94650FC19925E840003CAD5 /* Images.xcassets in Resources */,
			);
			runOnlyForDeploymentPostprocessing = 0;
		};
		B94650FF19925E840003CAD5 /* Resources */ = {
			isa = PBXResourcesBuildPhase;
			buildActionMask = 2147483647;
			files = (
				B946510E19925E840003CAD5 /* InfoPlist.strings in Resources */,
			);
			runOnlyForDeploymentPostprocessing = 0;
		};
/* End PBXResourcesBuildPhase section */

/* Begin PBXShellScriptBuildPhase section */
		C559A9087520407F92C63699 /* Check Pods Manifest.lock */ = {
			isa = PBXShellScriptBuildPhase;
			buildActionMask = 2147483647;
			files = (
			);
			inputPaths = (
			);
			name = "Check Pods Manifest.lock";
			outputPaths = (
			);
			runOnlyForDeploymentPostprocessing = 0;
			shellPath = /bin/sh;
			shellScript = "diff \"${PODS_ROOT}/../Podfile.lock\" \"${PODS_ROOT}/Manifest.lock\" > /dev/null\nif [[ $? != 0 ]] ; then\n    cat << EOM\nerror: The sandbox is not in sync with the Podfile.lock. Run 'pod install' or update your CocoaPods installation.\nEOM\n    exit 1\nfi\n";
			showEnvVarsInLog = 0;
		};
		F440A9A9F73A4D7A8559D406 /* Copy Pods Resources */ = {
			isa = PBXShellScriptBuildPhase;
			buildActionMask = 2147483647;
			files = (
			);
			inputPaths = (
			);
			name = "Copy Pods Resources";
			outputPaths = (
			);
			runOnlyForDeploymentPostprocessing = 0;
			shellPath = /bin/sh;
			shellScript = "\"${SRCROOT}/Pods/Pods-DBMeizi-resources.sh\"\n";
			showEnvVarsInLog = 0;
		};
/* End PBXShellScriptBuildPhase section */

/* Begin PBXSourcesBuildPhase section */
		B94650DD19925E840003CAD5 /* Sources */ = {
			isa = PBXSourcesBuildPhase;
			buildActionMask = 2147483647;
			files = (
				B9465126199266870003CAD5 /* MZPhotoModel.m in Sources */,
				B946511D199264300003CAD5 /* MZHomeViewController.m in Sources */,
				B94651231992663C0003CAD5 /* MZHomeCell.m in Sources */,
				B9465120199265220003CAD5 /* MZHomeFlowLayout.m in Sources */,
				B9D0EAF519A31AB7004A7CD3 /* XPathQuery.m in Sources */,
				B9D0EAF419A31AB7004A7CD3 /* TFHppleElement.m in Sources */,
				B9D0EAF319A31AB7004A7CD3 /* TFHpple.m in Sources */,
				B94650F319925E840003CAD5 /* main.m in Sources */,
				B94650FA19925E840003CAD5 /* DBMeizi.xcdatamodeld in Sources */,
				B94650F719925E840003CAD5 /* MZAppDelegate.m in Sources */,
				B94651291993BED20003CAD5 /* MZPhotoImporter.m in Sources */,
				B9DC025D19B2C2C20045F171 /* MZSideMenuView.m in Sources */,
			);
			runOnlyForDeploymentPostprocessing = 0;
		};
		B94650FD19925E840003CAD5 /* Sources */ = {
			isa = PBXSourcesBuildPhase;
			buildActionMask = 2147483647;
			files = (
				B946511019925E840003CAD5 /* DBMeiziTests.m in Sources */,
			);
			runOnlyForDeploymentPostprocessing = 0;
		};
/* End PBXSourcesBuildPhase section */

/* Begin PBXTargetDependency section */
		B946510819925E840003CAD5 /* PBXTargetDependency */ = {
			isa = PBXTargetDependency;
			target = B94650E019925E840003CAD5 /* DBMeizi */;
			targetProxy = B946510719925E840003CAD5 /* PBXContainerItemProxy */;
		};
/* End PBXTargetDependency section */

/* Begin PBXVariantGroup section */
		B94650EF19925E840003CAD5 /* InfoPlist.strings */ = {
			isa = PBXVariantGroup;
			children = (
				B94650F019925E840003CAD5 /* en */,
			);
			name = InfoPlist.strings;
			sourceTree = "<group>";
		};
		B946510C19925E840003CAD5 /* InfoPlist.strings */ = {
			isa = PBXVariantGroup;
			children = (
				B946510D19925E840003CAD5 /* en */,
			);
			name = InfoPlist.strings;
			sourceTree = "<group>";
		};
/* End PBXVariantGroup section */

/* Begin XCBuildConfiguration section */
		B946511119925E840003CAD5 /* Debug */ = {
			isa = XCBuildConfiguration;
			buildSettings = {
				ALWAYS_SEARCH_USER_PATHS = NO;
				CLANG_CXX_LANGUAGE_STANDARD = "gnu++0x";
				CLANG_CXX_LIBRARY = "libc++";
				CLANG_ENABLE_MODULES = YES;
				CLANG_ENABLE_OBJC_ARC = YES;
				CLANG_WARN_BOOL_CONVERSION = YES;
				CLANG_WARN_CONSTANT_CONVERSION = YES;
				CLANG_WARN_DIRECT_OBJC_ISA_USAGE = YES_ERROR;
				CLANG_WARN_EMPTY_BODY = YES;
				CLANG_WARN_ENUM_CONVERSION = YES;
				CLANG_WARN_INT_CONVERSION = YES;
				CLANG_WARN_OBJC_ROOT_CLASS = YES_ERROR;
				CLANG_WARN__DUPLICATE_METHOD_MATCH = YES;
				"CODE_SIGN_IDENTITY[sdk=iphoneos*]" = "iPhone Developer";
				COPY_PHASE_STRIP = NO;
				GCC_C_LANGUAGE_STANDARD = gnu99;
				GCC_DYNAMIC_NO_PIC = NO;
				GCC_OPTIMIZATION_LEVEL = 0;
				GCC_PREPROCESSOR_DEFINITIONS = (
					"DEBUG=1",
					"$(inherited)",
				);
				GCC_SYMBOLS_PRIVATE_EXTERN = NO;
				GCC_WARN_64_TO_32_BIT_CONVERSION = YES;
				GCC_WARN_ABOUT_RETURN_TYPE = YES_ERROR;
				GCC_WARN_UNDECLARED_SELECTOR = YES;
				GCC_WARN_UNINITIALIZED_AUTOS = YES_AGGRESSIVE;
				GCC_WARN_UNUSED_FUNCTION = YES;
				GCC_WARN_UNUSED_VARIABLE = YES;
				IPHONEOS_DEPLOYMENT_TARGET = 7.1;
				ONLY_ACTIVE_ARCH = YES;
				SDKROOT = iphoneos;
				TARGETED_DEVICE_FAMILY = "1,2";
			};
			name = Debug;
		};
		B946511219925E840003CAD5 /* Release */ = {
			isa = XCBuildConfiguration;
			buildSettings = {
				ALWAYS_SEARCH_USER_PATHS = NO;
				CLANG_CXX_LANGUAGE_STANDARD = "gnu++0x";
				CLANG_CXX_LIBRARY = "libc++";
				CLANG_ENABLE_MODULES = YES;
				CLANG_ENABLE_OBJC_ARC = YES;
				CLANG_WARN_BOOL_CONVERSION = YES;
				CLANG_WARN_CONSTANT_CONVERSION = YES;
				CLANG_WARN_DIRECT_OBJC_ISA_USAGE = YES_ERROR;
				CLANG_WARN_EMPTY_BODY = YES;
				CLANG_WARN_ENUM_CONVERSION = YES;
				CLANG_WARN_INT_CONVERSION = YES;
				CLANG_WARN_OBJC_ROOT_CLASS = YES_ERROR;
				CLANG_WARN__DUPLICATE_METHOD_MATCH = YES;
				"CODE_SIGN_IDENTITY[sdk=iphoneos*]" = "iPhone Developer";
				COPY_PHASE_STRIP = YES;
				ENABLE_NS_ASSERTIONS = NO;
				GCC_C_LANGUAGE_STANDARD = gnu99;
				GCC_WARN_64_TO_32_BIT_CONVERSION = YES;
				GCC_WARN_ABOUT_RETURN_TYPE = YES_ERROR;
				GCC_WARN_UNDECLARED_SELECTOR = YES;
				GCC_WARN_UNINITIALIZED_AUTOS = YES_AGGRESSIVE;
				GCC_WARN_UNUSED_FUNCTION = YES;
				GCC_WARN_UNUSED_VARIABLE = YES;
				IPHONEOS_DEPLOYMENT_TARGET = 7.1;
				SDKROOT = iphoneos;
				TARGETED_DEVICE_FAMILY = "1,2";
				VALIDATE_PRODUCT = YES;
			};
			name = Release;
		};
		B946511419925E840003CAD5 /* Debug */ = {
			isa = XCBuildConfiguration;
			baseConfigurationReference = 09A6D6A6E3B64B1DB07D7351 /* Pods-DBMeizi.xcconfig */;
			buildSettings = {
				ASSETCATALOG_COMPILER_APPICON_NAME = AppIcon;
				ASSETCATALOG_COMPILER_LAUNCHIMAGE_NAME = LaunchImage;
				CODE_SIGN_IDENTITY = "iPhone Developer";
				GCC_PRECOMPILE_PREFIX_HEADER = YES;
				GCC_PREFIX_HEADER = "DBMeizi/DBMeizi-Prefix.pch";
				HEADER_SEARCH_PATHS = (
					"\"${PODS_ROOT}/Headers\"",
					"\"${PODS_ROOT}/Headers/ReactiveCocoa\"",
					"\"${PODS_ROOT}/Headers/ReactiveCocoa/ReactiveCocoa\"",
					"\"${PODS_ROOT}/Headers/libextobjc\"",
					"\"${PODS_ROOT}/Headers/libffi\"",
					"\"${SDKROOT}/usr/include/libxml2\"",
				);
				INFOPLIST_FILE = "DBMeizi/DBMeizi-Info.plist";
				PRODUCT_NAME = "$(TARGET_NAME)";
				PROVISIONING_PROFILE = "57091d56-d9da-4d51-afc5-c3e3ce4b2ddc";
				WRAPPER_EXTENSION = app;
			};
			name = Debug;
		};
		B946511519925E840003CAD5 /* Release */ = {
			isa = XCBuildConfiguration;
			baseConfigurationReference = 09A6D6A6E3B64B1DB07D7351 /* Pods-DBMeizi.xcconfig */;
			buildSettings = {
				ASSETCATALOG_COMPILER_APPICON_NAME = AppIcon;
				ASSETCATALOG_COMPILER_LAUNCHIMAGE_NAME = LaunchImage;
				CODE_SIGN_IDENTITY = "iPhone Developer";
				"CODE_SIGN_IDENTITY[sdk=iphoneos*]" = "iPhone Developer";
				GCC_PRECOMPILE_PREFIX_HEADER = YES;
				GCC_PREFIX_HEADER = "DBMeizi/DBMeizi-Prefix.pch";
				HEADER_SEARCH_PATHS = (
					"\"${PODS_ROOT}/Headers\"",
					"\"${PODS_ROOT}/Headers/ReactiveCocoa\"",
					"\"${PODS_ROOT}/Headers/ReactiveCocoa/ReactiveCocoa\"",
					"\"${PODS_ROOT}/Headers/libextobjc\"",
					"\"${PODS_ROOT}/Headers/libffi\"",
					"\"${SDKROOT}/usr/include/libxml2\"",
				);
				INFOPLIST_FILE = "DBMeizi/DBMeizi-Info.plist";
				PRODUCT_NAME = "$(TARGET_NAME)";
				PROVISIONING_PROFILE = "57091d56-d9da-4d51-afc5-c3e3ce4b2ddc";
				WRAPPER_EXTENSION = app;
			};
			name = Release;
		};
		B946511719925E840003CAD5 /* Debug */ = {
			isa = XCBuildConfiguration;
			buildSettings = {
				BUNDLE_LOADER = "$(BUILT_PRODUCTS_DIR)/DBMeizi.app/DBMeizi";
				FRAMEWORK_SEARCH_PATHS = (
					"$(SDKROOT)/Developer/Library/Frameworks",
					"$(inherited)",
					"$(DEVELOPER_FRAMEWORKS_DIR)",
				);
				GCC_PRECOMPILE_PREFIX_HEADER = YES;
				GCC_PREFIX_HEADER = "DBMeizi/DBMeizi-Prefix.pch";
				GCC_PREPROCESSOR_DEFINITIONS = (
					"DEBUG=1",
					"$(inherited)",
				);
				INFOPLIST_FILE = "DBMeiziTests/DBMeiziTests-Info.plist";
				PRODUCT_NAME = "$(TARGET_NAME)";
				TEST_HOST = "$(BUNDLE_LOADER)";
				WRAPPER_EXTENSION = xctest;
			};
			name = Debug;
		};
		B946511819925E840003CAD5 /* Release */ = {
			isa = XCBuildConfiguration;
			buildSettings = {
				BUNDLE_LOADER = "$(BUILT_PRODUCTS_DIR)/DBMeizi.app/DBMeizi";
				FRAMEWORK_SEARCH_PATHS = (
					"$(SDKROOT)/Developer/Library/Frameworks",
					"$(inherited)",
					"$(DEVELOPER_FRAMEWORKS_DIR)",
				);
				GCC_PRECOMPILE_PREFIX_HEADER = YES;
				GCC_PREFIX_HEADER = "DBMeizi/DBMeizi-Prefix.pch";
				INFOPLIST_FILE = "DBMeiziTests/DBMeiziTests-Info.plist";
				PRODUCT_NAME = "$(TARGET_NAME)";
				TEST_HOST = "$(BUNDLE_LOADER)";
				WRAPPER_EXTENSION = xctest;
			};
			name = Release;
		};
/* End XCBuildConfiguration section */

/* Begin XCConfigurationList section */
		B94650DC19925E840003CAD5 /* Build configuration list for PBXProject "DBMeizi" */ = {
			isa = XCConfigurationList;
			buildConfigurations = (
				B946511119925E840003CAD5 /* Debug */,
				B946511219925E840003CAD5 /* Release */,
			);
			defaultConfigurationIsVisible = 0;
			defaultConfigurationName = Release;
		};
		B946511319925E840003CAD5 /* Build configuration list for PBXNativeTarget "DBMeizi" */ = {
			isa = XCConfigurationList;
			buildConfigurations = (
				B946511419925E840003CAD5 /* Debug */,
				B946511519925E840003CAD5 /* Release */,
			);
			defaultConfigurationIsVisible = 0;
			defaultConfigurationName = Release;
		};
		B946511619925E840003CAD5 /* Build configuration list for PBXNativeTarget "DBMeiziTests" */ = {
			isa = XCConfigurationList;
			buildConfigurations = (
				B946511719925E840003CAD5 /* Debug */,
				B946511819925E840003CAD5 /* Release */,
			);
			defaultConfigurationIsVisible = 0;
			defaultConfigurationName = Release;
		};
/* End XCConfigurationList section */

/* Begin XCVersionGroup section */
		B94650F819925E840003CAD5 /* DBMeizi.xcdatamodeld */ = {
			isa = XCVersionGroup;
			children = (
				B94650F919925E840003CAD5 /* DBMeizi.xcdatamodel */,
			);
			currentVersion = B94650F919925E840003CAD5 /* DBMeizi.xcdatamodel */;
			path = DBMeizi.xcdatamodeld;
			sourceTree = "<group>";
			versionGroupType = wrapper.xcdatamodel;
		};
/* End XCVersionGroup section */
	};
	rootObject = B94650D919925E840003CAD5 /* Project object */;
}
